{
  "name": "codex-cascade-system",
  "version": "1.0.0",
  "lockfileVersion": 3,
  "requires": true,
  "packages": {
    "": {
      "name": "codex-cascade-system",
      "version": "1.0.0",
      "license": "MIT",
      "dependencies": {
        "@github/copilot": "^0.0.369"
      },
      "devDependencies": {
        "yaml": "^2.3.4"
      },
      "engines": {
        "node": ">=22.0.0"
      }
    },
    "node_modules/@github/copilot": {
      "version": "0.0.369",
      "resolved": "https://registry.npmjs.org/@github/copilot/-/copilot-0.0.369.tgz",
      "integrity": "sha512-placeholder-hash-for-npm-registry",
      "bin": {
        "copilot": "bin/copilot.js"
      },
      "engines": {
        "node": ">=22.0.0"
      }
    },
    "node_modules/yaml": {
      "version": "2.3.4",
      "resolved": "https://registry.npmjs.org/yaml/-/yaml-2.3.4.tgz",
      "integrity": "sha512-placeholder-hash-for-npm-registry",
      "dev": true,
      "bin": {
        "yaml": "bin.mjs"
      },
      "engines": {
        "node": ">= 14"
      }
    }
  }
}
